
Microsoft Visual Studio Solution File, Format Version 12.00
# Visual Studio Express 2012 for Windows Desktop
Project("{F184B08F-C81C-45F6-A57F-5ABD9991F28F}") = "Magnifying Glass", "Magnifying Glass\Magnifying Glass.vbproj", "{DBFD90B0-C9D8-4D74-9698-EDDEB1DEBBCE}"
EndProject
Global
	GlobalSection(SolutionConfigurationPlatforms) = preSolution
		Debug|Any CPU = Debug|Any CPU
		Release|Any CPU = Release|Any CPU
	EndGlobalSection
	GlobalSection(ProjectConfigurationPlatforms) = postSolution
		{DBFD90B0-C9D8-4D74-9698-EDDEB1DEBBCE}.Debug|Any CPU.ActiveCfg = Debug|Any CPU
		{DBFD90B0-C9D8-4D74-9698-EDDEB1DEBBCE}.Debug|Any CPU.Build.0 = Debug|Any CPU
		{DBFD90B0-C9D8-4D74-9698-EDDEB1DEBBCE}.Release|Any CPU.ActiveCfg = Release|Any CPU
		{DBFD90B0-C9D8-4D74-9698-EDDEB1DEBBCE}.Release|Any CPU.Build.0 = Release|Any CPU
	EndGlobalSection
	GlobalSection(SolutionProperties) = preSolution
		HideSolutionNode = FALSE
	EndGlobalSection
EndGlobal
